
Microsoft Visual Studio Solution File, Format Version 12.00
# Visual Studio Version 17
VisualStudioVersion = 17.7.34221.43
MinimumVisualStudioVersion = 10.0.40219.1
Project("{FAE04EC0-301F-11D3-BF4B-00C04F79EFBC}") = "360CRUDMVC", "360CRUDMVC\360CRUDMVC.csproj", "{3F3B724B-79D0-4198-8BB3-FA9EB257324A}"
EndProject
Global
	GlobalSection(SolutionConfigurationPlatforms) = preSolution
		Debug|Any CPU = Debug|Any CPU
		Release|Any CPU = Release|Any CPU
	EndGlobalSection
	GlobalSection(ProjectConfigurationPlatforms) = postSolution
		{3F3B724B-79D0-4198-8BB3-FA9EB257324A}.Debug|Any CPU.ActiveCfg = Debug|Any CPU
		{3F3B724B-79D0-4198-8BB3-FA9EB257324A}.Debug|Any CPU.Build.0 = Debug|Any CPU
		{3F3B724B-79D0-4198-8BB3-FA9EB257324A}.Release|Any CPU.ActiveCfg = Release|Any CPU
		{3F3B724B-79D0-4198-8BB3-FA9EB257324A}.Release|Any CPU.Build.0 = Release|Any CPU
	EndGlobalSection
	GlobalSection(SolutionProperties) = preSolution
		HideSolutionNode = FALSE
	EndGlobalSection
	GlobalSection(ExtensibilityGlobals) = postSolution
		SolutionGuid = {C77946C5-226B-486C-8B15-4A67D411706F}
	EndGlobalSection
EndGlobal
